// !$*UTF8*$!
{
	archiveVersion = 1;
	classes = {
	};
	objectVersion = 56;
	objects = {

/* Begin PBXBuildFile section */
		60115EC42BF87D680028D148 /* TestUI.swift in Sources */ = {isa = PBXBuildFile; fileRef = 60115EC32BF87D680028D148 /* TestUI.swift */; };
		60115EC62BF89BD90028D148 /* MarketList.swift in Sources */ = {isa = PBXBuildFile; fileRef = 60115EC52BF89BD90028D148 /* MarketList.swift */; };
		60115EC92BFB82B30028D148 /* ImageCases.swift in Sources */ = {isa = PBXBuildFile; fileRef = 60115EC82BFB82B30028D148 /* ImageCases.swift */; };
		60115EFB2BFDB1E20028D148 /* WatchContentView.swift in Sources */ = {isa = PBXBuildFile; fileRef = 60115EFA2BFDB1E20028D148 /* WatchContentView.swift */; };
		60115F002BFDB1E40028D148 /* Preview Assets.xcassets in Resources */ = {isa = PBXBuildFile; fileRef = 60115EFF2BFDB1E40028D148 /* Preview Assets.xcassets */; };
		60115F032BFDB1E40028D148 /* WebSocketProject Watch App.app in Embed Watch Content */ = {isa = PBXBuildFile; fileRef = 60115EF62BFDB1E20028D148 /* WebSocketProject Watch App.app */; settings = {ATTRIBUTES = (RemoveHeadersOnCopy, ); }; };
		60115F072BFDB2030028D148 /* UpbitViewModel.swift in Sources */ = {isa = PBXBuildFile; fileRef = 60EADB2A2BF2017800B28CC3 /* UpbitViewModel.swift */; };
		60115F082BFDB2040028D148 /* MarketModel.swift in Sources */ = {isa = PBXBuildFile; fileRef = 60EADB2C2BF2038000B28CC3 /* MarketModel.swift */; };
		60115F092BFDB2040028D148 /* WebsocketProjectApp.swift in Sources */ = {isa = PBXBuildFile; fileRef = 60867FEF2BE9FC7C00076A6B /* WebsocketProjectApp.swift */; };
		60115F0A2BFDB2040028D148 /* UpbitManager.swift in Sources */ = {isa = PBXBuildFile; fileRef = 60EADB262BEE107000B28CC3 /* UpbitManager.swift */; };
		60115F0B2BFDB2040028D148 /* MarketList.swift in Sources */ = {isa = PBXBuildFile; fileRef = 60115EC52BF89BD90028D148 /* MarketList.swift */; };
		60115F0C2BFDB2040028D148 /* CoinChartsData.swift in Sources */ = {isa = PBXBuildFile; fileRef = 6092FE3D2BF49EBA0050C876 /* CoinChartsData.swift */; };
		60115F0D2BFDB2040028D148 /* TickerModel.swift in Sources */ = {isa = PBXBuildFile; fileRef = 60EADB242BEDE83100B28CC3 /* TickerModel.swift */; };
		60115F0E2BFDB2040028D148 /* ImageCases.swift in Sources */ = {isa = PBXBuildFile; fileRef = 60115EC82BFB82B30028D148 /* ImageCases.swift */; };
		60115F152BFDB69E0028D148 /* Assets.xcassets in Resources */ = {isa = PBXBuildFile; fileRef = 60115EFC2BFDB1E40028D148 /* Assets.xcassets */; };
		60115F172BFDB97D0028D148 /* CoinCharts.swift in Sources */ = {isa = PBXBuildFile; fileRef = 6092FE3B2BF48D6D0050C876 /* CoinCharts.swift */; };
		60867FF02BE9FC7C00076A6B /* WebsocketProjectApp.swift in Sources */ = {isa = PBXBuildFile; fileRef = 60867FEF2BE9FC7C00076A6B /* WebsocketProjectApp.swift */; };
		60867FF22BE9FC7C00076A6B /* IOSContentView.swift in Sources */ = {isa = PBXBuildFile; fileRef = 60867FF12BE9FC7C00076A6B /* IOSContentView.swift */; };
		60867FF42BE9FC7E00076A6B /* Assets.xcassets in Resources */ = {isa = PBXBuildFile; fileRef = 60867FF32BE9FC7E00076A6B /* Assets.xcassets */; };
		60867FF72BE9FC7E00076A6B /* Preview Assets.xcassets in Resources */ = {isa = PBXBuildFile; fileRef = 60867FF62BE9FC7E00076A6B /* Preview Assets.xcassets */; };
		60867FFE2BEA117700076A6B /* KeyList.plist in Resources */ = {isa = PBXBuildFile; fileRef = 60867FFD2BEA117700076A6B /* KeyList.plist */; };
		608680032BEA987100076A6B /* Extension+Bundle.swift in Sources */ = {isa = PBXBuildFile; fileRef = 608680022BEA987100076A6B /* Extension+Bundle.swift */; };
		6092FE3C2BF48D6D0050C876 /* CoinCharts.swift in Sources */ = {isa = PBXBuildFile; fileRef = 6092FE3B2BF48D6D0050C876 /* CoinCharts.swift */; };
		6092FE3E2BF49EBA0050C876 /* CoinChartsData.swift in Sources */ = {isa = PBXBuildFile; fileRef = 6092FE3D2BF49EBA0050C876 /* CoinChartsData.swift */; };
		60EADB252BEDE83100B28CC3 /* TickerModel.swift in Sources */ = {isa = PBXBuildFile; fileRef = 60EADB242BEDE83100B28CC3 /* TickerModel.swift */; };
		60EADB272BEE107000B28CC3 /* UpbitManager.swift in Sources */ = {isa = PBXBuildFile; fileRef = 60EADB262BEE107000B28CC3 /* UpbitManager.swift */; };
		60EADB2B2BF2017800B28CC3 /* UpbitViewModel.swift in Sources */ = {isa = PBXBuildFile; fileRef = 60EADB2A2BF2017800B28CC3 /* UpbitViewModel.swift */; };
		60EADB2D2BF2038000B28CC3 /* MarketModel.swift in Sources */ = {isa = PBXBuildFile; fileRef = 60EADB2C2BF2038000B28CC3 /* MarketModel.swift */; };
/* End PBXBuildFile section */

/* Begin PBXContainerItemProxy section */
		60115F012BFDB1E40028D148 /* PBXContainerItemProxy */ = {
			isa = PBXContainerItemProxy;
			containerPortal = 60867FE42BE9FC7C00076A6B /* Project object */;
			proxyType = 1;
			remoteGlobalIDString = 60115EF52BFDB1E20028D148;
			remoteInfo = "WebSocketProject Watch App";
		};
/* End PBXContainerItemProxy section */

/* Begin PBXCopyFilesBuildPhase section */
		60115EDF2BFC69490028D148 /* Embed Watch Content */ = {
			isa = PBXCopyFilesBuildPhase;
			buildActionMask = 2147483647;
			dstPath = "$(CONTENTS_FOLDER_PATH)/Watch";
			dstSubfolderSpec = 16;
			files = (
				60115F032BFDB1E40028D148 /* WebSocketProject Watch App.app in Embed Watch Content */,
			);
			name = "Embed Watch Content";
			runOnlyForDeploymentPostprocessing = 0;
		};
/* End PBXCopyFilesBuildPhase section */

/* Begin PBXFileReference section */
		60115EC32BF87D680028D148 /* TestUI.swift */ = {isa = PBXFileReference; lastKnownFileType = sourcecode.swift; path = TestUI.swift; sourceTree = "<group>"; };
		60115EC52BF89BD90028D148 /* MarketList.swift */ = {isa = PBXFileReference; lastKnownFileType = sourcecode.swift; path = MarketList.swift; sourceTree = "<group>"; };
		60115EC82BFB82B30028D148 /* ImageCases.swift */ = {isa = PBXFileReference; lastKnownFileType = sourcecode.swift; path = ImageCases.swift; sourceTree = "<group>"; };
		60115EF62BFDB1E20028D148 /* WebSocketProject Watch App.app */ = {isa = PBXFileReference; explicitFileType = wrapper.application; includeInIndex = 0; path = "WebSocketProject Watch App.app"; sourceTree = BUILT_PRODUCTS_DIR; };
		60115EFA2BFDB1E20028D148 /* WatchContentView.swift */ = {isa = PBXFileReference; lastKnownFileType = sourcecode.swift; path = WatchContentView.swift; sourceTree = "<group>"; };
		60115EFC2BFDB1E40028D148 /* Assets.xcassets */ = {isa = PBXFileReference; lastKnownFileType = folder.assetcatalog; path = Assets.xcassets; sourceTree = "<group>"; };
		60115EFF2BFDB1E40028D148 /* Preview Assets.xcassets */ = {isa = PBXFileReference; lastKnownFileType = folder.assetcatalog; path = "Preview Assets.xcassets"; sourceTree = "<group>"; };
		60867FEC2BE9FC7C00076A6B /* WebsocketProject.app */ = {isa = PBXFileReference; explicitFileType = wrapper.application; includeInIndex = 0; path = WebsocketProject.app; sourceTree = BUILT_PRODUCTS_DIR; };
		60867FEF2BE9FC7C00076A6B /* WebsocketProjectApp.swift */ = {isa = PBXFileReference; lastKnownFileType = sourcecode.swift; path = WebsocketProjectApp.swift; sourceTree = "<group>"; };
		60867FF12BE9FC7C00076A6B /* IOSContentView.swift */ = {isa = PBXFileReference; lastKnownFileType = sourcecode.swift; path = IOSContentView.swift; sourceTree = "<group>"; };
		60867FF32BE9FC7E00076A6B /* Assets.xcassets */ = {isa = PBXFileReference; lastKnownFileType = folder.assetcatalog; path = Assets.xcassets; sourceTree = "<group>"; };
		60867FF62BE9FC7E00076A6B /* Preview Assets.xcassets */ = {isa = PBXFileReference; lastKnownFileType = folder.assetcatalog; path = "Preview Assets.xcassets"; sourceTree = "<group>"; };
		60867FFD2BEA117700076A6B /* KeyList.plist */ = {isa = PBXFileReference; lastKnownFileType = text.plist.xml; path = KeyList.plist; sourceTree = "<group>"; };
		608680022BEA987100076A6B /* Extension+Bundle.swift */ = {isa = PBXFileReference; lastKnownFileType = sourcecode.swift; path = "Extension+Bundle.swift"; sourceTree = "<group>"; };
		6092FE3B2BF48D6D0050C876 /* CoinCharts.swift */ = {isa = PBXFileReference; lastKnownFileType = sourcecode.swift; path = CoinCharts.swift; sourceTree = "<group>"; };
		6092FE3D2BF49EBA0050C876 /* CoinChartsData.swift */ = {isa = PBXFileReference; lastKnownFileType = sourcecode.swift; path = CoinChartsData.swift; sourceTree = "<group>"; };
		60EADB242BEDE83100B28CC3 /* TickerModel.swift */ = {isa = PBXFileReference; lastKnownFileType = sourcecode.swift; path = TickerModel.swift; sourceTree = "<group>"; };
		60EADB262BEE107000B28CC3 /* UpbitManager.swift */ = {isa = PBXFileReference; lastKnownFileType = sourcecode.swift; path = UpbitManager.swift; sourceTree = "<group>"; };
		60EADB2A2BF2017800B28CC3 /* UpbitViewModel.swift */ = {isa = PBXFileReference; lastKnownFileType = sourcecode.swift; path = UpbitViewModel.swift; sourceTree = "<group>"; };
		60EADB2C2BF2038000B28CC3 /* MarketModel.swift */ = {isa = PBXFileReference; lastKnownFileType = sourcecode.swift; path = MarketModel.swift; sourceTree = "<group>"; };
/* End PBXFileReference section */

/* Begin PBXFrameworksBuildPhase section */
		60115EF32BFDB1E20028D148 /* Frameworks */ = {
			isa = PBXFrameworksBuildPhase;
			buildActionMask = 2147483647;
			files = (
			);
			runOnlyForDeploymentPostprocessing = 0;
		};
		60867FE92BE9FC7C00076A6B /* Frameworks */ = {
			isa = PBXFrameworksBuildPhase;
			buildActionMask = 2147483647;
			files = (
			);
			runOnlyForDeploymentPostprocessing = 0;
		};
/* End PBXFrameworksBuildPhase section */

/* Begin PBXGroup section */
		60115EC72BFB82A70028D148 /* Enum */ = {
			isa = PBXGroup;
			children = (
				60115EC82BFB82B30028D148 /* ImageCases.swift */,
			);
			path = Enum;
			sourceTree = "<group>";
		};
		60115EF72BFDB1E20028D148 /* WebSocketProject Watch App */ = {
			isa = PBXGroup;
			children = (
				60115EFA2BFDB1E20028D148 /* WatchContentView.swift */,
				60115EFC2BFDB1E40028D148 /* Assets.xcassets */,
				60115EFE2BFDB1E40028D148 /* Preview Content */,
			);
			path = "WebSocketProject Watch App";
			sourceTree = "<group>";
		};
		60115EFE2BFDB1E40028D148 /* Preview Content */ = {
			isa = PBXGroup;
			children = (
				60115EFF2BFDB1E40028D148 /* Preview Assets.xcassets */,
			);
			path = "Preview Content";
			sourceTree = "<group>";
		};
		60867FE32BE9FC7C00076A6B = {
			isa = PBXGroup;
			children = (
				60867FEE2BE9FC7C00076A6B /* WebsocketProject */,
				60115EF72BFDB1E20028D148 /* WebSocketProject Watch App */,
				60867FED2BE9FC7C00076A6B /* Products */,
			);
			sourceTree = "<group>";
		};
		60867FED2BE9FC7C00076A6B /* Products */ = {
			isa = PBXGroup;
			children = (
				60867FEC2BE9FC7C00076A6B /* WebsocketProject.app */,
				60115EF62BFDB1E20028D148 /* WebSocketProject Watch App.app */,
			);
			name = Products;
			sourceTree = "<group>";
		};
		60867FEE2BE9FC7C00076A6B /* WebsocketProject */ = {
			isa = PBXGroup;
			children = (
				60115EC72BFB82A70028D148 /* Enum */,
				6092FE3A2BF48D570050C876 /* View */,
				60EADB292BF1F7D300B28CC3 /* ViewModel */,
				60EADB282BF1F7BD00B28CC3 /* Networking */,
				60EADB232BEDE82500B28CC3 /* Model */,
				608680012BEA985900076A6B /* Util */,
				60867FEF2BE9FC7C00076A6B /* WebsocketProjectApp.swift */,
				60867FFD2BEA117700076A6B /* KeyList.plist */,
				60867FF32BE9FC7E00076A6B /* Assets.xcassets */,
				60867FF52BE9FC7E00076A6B /* Preview Content */,
			);
			path = WebsocketProject;
			sourceTree = "<group>";
		};
		60867FF52BE9FC7E00076A6B /* Preview Content */ = {
			isa = PBXGroup;
			children = (
				60867FF62BE9FC7E00076A6B /* Preview Assets.xcassets */,
			);
			path = "Preview Content";
			sourceTree = "<group>";
		};
		608680012BEA985900076A6B /* Util */ = {
			isa = PBXGroup;
			children = (
				608680022BEA987100076A6B /* Extension+Bundle.swift */,
			);
			path = Util;
			sourceTree = "<group>";
		};
		6092FE3A2BF48D570050C876 /* View */ = {
			isa = PBXGroup;
			children = (
				60867FF12BE9FC7C00076A6B /* IOSContentView.swift */,
				6092FE3B2BF48D6D0050C876 /* CoinCharts.swift */,
				60115EC32BF87D680028D148 /* TestUI.swift */,
			);
			path = View;
			sourceTree = "<group>";
		};
		60EADB232BEDE82500B28CC3 /* Model */ = {
			isa = PBXGroup;
			children = (
				60EADB242BEDE83100B28CC3 /* TickerModel.swift */,
				60EADB2C2BF2038000B28CC3 /* MarketModel.swift */,
				6092FE3D2BF49EBA0050C876 /* CoinChartsData.swift */,
			);
			path = Model;
			sourceTree = "<group>";
		};
		60EADB282BF1F7BD00B28CC3 /* Networking */ = {
			isa = PBXGroup;
			children = (
				60EADB262BEE107000B28CC3 /* UpbitManager.swift */,
			);
			path = Networking;
			sourceTree = "<group>";
		};
		60EADB292BF1F7D300B28CC3 /* ViewModel */ = {
			isa = PBXGroup;
			children = (
				60EADB2A2BF2017800B28CC3 /* UpbitViewModel.swift */,
				60115EC52BF89BD90028D148 /* MarketList.swift */,
			);
			path = ViewModel;
			sourceTree = "<group>";
		};
/* End PBXGroup section */

/* Begin PBXNativeTarget section */
		60115EF52BFDB1E20028D148 /* WebSocketProject Watch App */ = {
			isa = PBXNativeTarget;
			buildConfigurationList = 60115F042BFDB1E40028D148 /* Build configuration list for PBXNativeTarget "WebSocketProject Watch App" */;
			buildPhases = (
				60115EF22BFDB1E20028D148 /* Sources */,
				60115EF32BFDB1E20028D148 /* Frameworks */,
				60115EF42BFDB1E20028D148 /* Resources */,
			);
			buildRules = (
			);
			dependencies = (
			);
			name = "WebSocketProject Watch App";
			productName = "WebSocketProject Watch App";
			productReference = 60115EF62BFDB1E20028D148 /* WebSocketProject Watch App.app */;
			productType = "com.apple.product-type.application";
		};
		60867FEB2BE9FC7C00076A6B /* WebsocketProject */ = {
			isa = PBXNativeTarget;
			buildConfigurationList = 60867FFA2BE9FC7E00076A6B /* Build configuration list for PBXNativeTarget "WebsocketProject" */;
			buildPhases = (
				60867FE82BE9FC7C00076A6B /* Sources */,
				60867FE92BE9FC7C00076A6B /* Frameworks */,
				60867FEA2BE9FC7C00076A6B /* Resources */,
				60115EDF2BFC69490028D148 /* Embed Watch Content */,
			);
			buildRules = (
			);
			dependencies = (
				60115F022BFDB1E40028D148 /* PBXTargetDependency */,
			);
			name = WebsocketProject;
			packageProductDependencies = (
			);
			productName = WebsocketProject;
			productReference = 60867FEC2BE9FC7C00076A6B /* WebsocketProject.app */;
			productType = "com.apple.product-type.application";
		};
/* End PBXNativeTarget section */

/* Begin PBXProject section */
		60867FE42BE9FC7C00076A6B /* Project object */ = {
			isa = PBXProject;
			attributes = {
				BuildIndependentTargetsInParallel = 1;
				LastSwiftUpdateCheck = 1530;
				LastUpgradeCheck = 1530;
				TargetAttributes = {
					60115EF52BFDB1E20028D148 = {
						CreatedOnToolsVersion = 15.3;
					};
					60867FEB2BE9FC7C00076A6B = {
						CreatedOnToolsVersion = 15.3;
					};
				};
			};
			buildConfigurationList = 60867FE72BE9FC7C00076A6B /* Build configuration list for PBXProject "WebsocketProject" */;
			compatibilityVersion = "Xcode 14.0";
			developmentRegion = en;
			hasScannedForEncodings = 0;
			knownRegions = (
				en,
				Base,
			);
			mainGroup = 60867FE32BE9FC7C00076A6B;
			packageReferences = (
			);
			productRefGroup = 60867FED2BE9FC7C00076A6B /* Products */;
			projectDirPath = "";
			projectRoot = "";
			targets = (
				60867FEB2BE9FC7C00076A6B /* WebsocketProject */,
				60115EF52BFDB1E20028D148 /* WebSocketProject Watch App */,
			);
		};
/* End PBXProject section */

/* Begin PBXResourcesBuildPhase section */
		60115EF42BFDB1E20028D148 /* Resources */ = {
			isa = PBXResourcesBuildPhase;
			buildActionMask = 2147483647;
			files = (
				60115F152BFDB69E0028D148 /* Assets.xcassets in Resources */,
				60115F002BFDB1E40028D148 /* Preview Assets.xcassets in Resources */,
			);
			runOnlyForDeploymentPostprocessing = 0;
		};
		60867FEA2BE9FC7C00076A6B /* Resources */ = {
			isa = PBXResourcesBuildPhase;
			buildActionMask = 2147483647;
			files = (
				60867FFE2BEA117700076A6B /* KeyList.plist in Resources */,
				60867FF72BE9FC7E00076A6B /* Preview Assets.xcassets in Resources */,
				60867FF42BE9FC7E00076A6B /* Assets.xcassets in Resources */,
			);
			runOnlyForDeploymentPostprocessing = 0;
		};
/* End PBXResourcesBuildPhase section */

/* Begin PBXSourcesBuildPhase section */
		60115EF22BFDB1E20028D148 /* Sources */ = {
			isa = PBXSourcesBuildPhase;
			buildActionMask = 2147483647;
			files = (
				60115EFB2BFDB1E20028D148 /* WatchContentView.swift in Sources */,
				60115F072BFDB2030028D148 /* UpbitViewModel.swift in Sources */,
				60115F082BFDB2040028D148 /* MarketModel.swift in Sources */,
				60115F172BFDB97D0028D148 /* CoinCharts.swift in Sources */,
				60115F092BFDB2040028D148 /* WebsocketProjectApp.swift in Sources */,
				60115F0A2BFDB2040028D148 /* UpbitManager.swift in Sources */,
				60115F0B2BFDB2040028D148 /* MarketList.swift in Sources */,
				60115F0C2BFDB2040028D148 /* CoinChartsData.swift in Sources */,
				60115F0D2BFDB2040028D148 /* TickerModel.swift in Sources */,
				60115F0E2BFDB2040028D148 /* ImageCases.swift in Sources */,
			);
			runOnlyForDeploymentPostprocessing = 0;
		};
		60867FE82BE9FC7C00076A6B /* Sources */ = {
			isa = PBXSourcesBuildPhase;
			buildActionMask = 2147483647;
			files = (
				6092FE3C2BF48D6D0050C876 /* CoinCharts.swift in Sources */,
				60867FF22BE9FC7C00076A6B /* IOSContentView.swift in Sources */,
				60115EC62BF89BD90028D148 /* MarketList.swift in Sources */,
				60EADB2D2BF2038000B28CC3 /* MarketModel.swift in Sources */,
				60867FF02BE9FC7C00076A6B /* WebsocketProjectApp.swift in Sources */,
				60115EC92BFB82B30028D148 /* ImageCases.swift in Sources */,
				60EADB2B2BF2017800B28CC3 /* UpbitViewModel.swift in Sources */,
				60115EC42BF87D680028D148 /* TestUI.swift in Sources */,
				608680032BEA987100076A6B /* Extension+Bundle.swift in Sources */,
				60EADB272BEE107000B28CC3 /* UpbitManager.swift in Sources */,
				6092FE3E2BF49EBA0050C876 /* CoinChartsData.swift in Sources */,
				60EADB252BEDE83100B28CC3 /* TickerModel.swift in Sources */,
			);
			runOnlyForDeploymentPostprocessing = 0;
		};
/* End PBXSourcesBuildPhase section */

/* Begin PBXTargetDependency section */
		60115F022BFDB1E40028D148 /* PBXTargetDependency */ = {
			isa = PBXTargetDependency;
			target = 60115EF52BFDB1E20028D148 /* WebSocketProject Watch App */;
			targetProxy = 60115F012BFDB1E40028D148 /* PBXContainerItemProxy */;
		};
/* End PBXTargetDependency section */

/* Begin XCBuildConfiguration section */
		60115F052BFDB1E40028D148 /* Debug */ = {
			isa = XCBuildConfiguration;
			buildSettings = {
				ASSETCATALOG_COMPILER_APPICON_NAME = AppIcon;
				ASSETCATALOG_COMPILER_GLOBAL_ACCENT_COLOR_NAME = AccentColor;
				CODE_SIGN_STYLE = Automatic;
				CURRENT_PROJECT_VERSION = 1;
				DEVELOPMENT_ASSET_PATHS = "\"WebSocketProject Watch App/Preview Content\"";
				DEVELOPMENT_TEAM = S68RW89WQA;
				ENABLE_PREVIEWS = YES;
				GENERATE_INFOPLIST_FILE = YES;
				INFOPLIST_KEY_CFBundleDisplayName = WebSocketProject;
				INFOPLIST_KEY_UISupportedInterfaceOrientations = "UIInterfaceOrientationPortrait UIInterfaceOrientationPortraitUpsideDown";
				INFOPLIST_KEY_WKCompanionAppBundleIdentifier = "com.black-rubber.WebsocketProject";
				INFOPLIST_KEY_WKRunsIndependentlyOfCompanionApp = YES;
				LD_RUNPATH_SEARCH_PATHS = (
					"$(inherited)",
					"@executable_path/Frameworks",
				);
				MARKETING_VERSION = 1.0;
				PRODUCT_BUNDLE_IDENTIFIER = "com.black-rubber.WebsocketProject.watchkitapp";
				PRODUCT_NAME = "$(TARGET_NAME)";
				SDKROOT = watchos;
				SKIP_INSTALL = YES;
				SWIFT_EMIT_LOC_STRINGS = YES;
				SWIFT_VERSION = 5.0;
				TARGETED_DEVICE_FAMILY = 4;
				WATCHOS_DEPLOYMENT_TARGET = 9.0;
			};
			name = Debug;
		};
		60115F062BFDB1E40028D148 /* Release */ = {
			isa = XCBuildConfiguration;
			buildSettings = {
				ASSETCATALOG_COMPILER_APPICON_NAME = AppIcon;
				ASSETCATALOG_COMPILER_GLOBAL_ACCENT_COLOR_NAME = AccentColor;
				CODE_SIGN_STYLE = Automatic;
				CURRENT_PROJECT_VERSION = 1;
				DEVELOPMENT_ASSET_PATHS = "\"WebSocketProject Watch App/Preview Content\"";
				DEVELOPMENT_TEAM = S68RW89WQA;
				ENABLE_PREVIEWS = YES;
				GENERATE_INFOPLIST_FILE = YES;
				INFOPLIST_KEY_CFBundleDisplayName = WebSocketProject;
				INFOPLIST_KEY_UISupportedInterfaceOrientations = "UIInterfaceOrientationPortrait UIInterfaceOrientationPortraitUpsideDown";
				INFOPLIST_KEY_WKCompanionAppBundleIdentifier = "com.black-rubber.WebsocketProject";
				INFOPLIST_KEY_WKRunsIndependentlyOfCompanionApp = YES;
				LD_RUNPATH_SEARCH_PATHS = (
					"$(inherited)",
					"@executable_path/Frameworks",
				);
				MARKETING_VERSION = 1.0;
				PRODUCT_BUNDLE_IDENTIFIER = "com.black-rubber.WebsocketProject.watchkitapp";
				PRODUCT_NAME = "$(TARGET_NAME)";
				SDKROOT = watchos;
				SKIP_INSTALL = YES;
				SWIFT_EMIT_LOC_STRINGS = YES;
				SWIFT_VERSION = 5.0;
				TARGETED_DEVICE_FAMILY = 4;
				WATCHOS_DEPLOYMENT_TARGET = 9.0;
			};
			name = Release;
		};
		60867FF82BE9FC7E00076A6B /* Debug */ = {
			isa = XCBuildConfiguration;
			buildSettings = {
				ALWAYS_SEARCH_USER_PATHS = NO;
				ASSETCATALOG_COMPILER_GENERATE_SWIFT_ASSET_SYMBOL_EXTENSIONS = YES;
				CLANG_ANALYZER_NONNULL = YES;
				CLANG_ANALYZER_NUMBER_OBJECT_CONVERSION = YES_AGGRESSIVE;
				CLANG_CXX_LANGUAGE_STANDARD = "gnu++20";
				CLANG_ENABLE_MODULES = YES;
				CLANG_ENABLE_OBJC_ARC = YES;
				CLANG_ENABLE_OBJC_WEAK = YES;
				CLANG_WARN_BLOCK_CAPTURE_AUTORELEASING = YES;
				CLANG_WARN_BOOL_CONVERSION = YES;
				CLANG_WARN_COMMA = YES;
				CLANG_WARN_CONSTANT_CONVERSION = YES;
				CLANG_WARN_DEPRECATED_OBJC_IMPLEMENTATIONS = YES;
				CLANG_WARN_DIRECT_OBJC_ISA_USAGE = YES_ERROR;
				CLANG_WARN_DOCUMENTATION_COMMENTS = YES;
				CLANG_WARN_EMPTY_BODY = YES;
				CLANG_WARN_ENUM_CONVERSION = YES;
				CLANG_WARN_INFINITE_RECURSION = YES;
				CLANG_WARN_INT_CONVERSION = YES;
				CLANG_WARN_NON_LITERAL_NULL_CONVERSION = YES;
				CLANG_WARN_OBJC_IMPLICIT_RETAIN_SELF = YES;
				CLANG_WARN_OBJC_LITERAL_CONVERSION = YES;
				CLANG_WARN_OBJC_ROOT_CLASS = YES_ERROR;
				CLANG_WARN_QUOTED_INCLUDE_IN_FRAMEWORK_HEADER = YES;
				CLANG_WARN_RANGE_LOOP_ANALYSIS = YES;
				CLANG_WARN_STRICT_PROTOTYPES = YES;
				CLANG_WARN_SUSPICIOUS_MOVE = YES;
				CLANG_WARN_UNGUARDED_AVAILABILITY = YES_AGGRESSIVE;
				CLANG_WARN_UNREACHABLE_CODE = YES;
				CLANG_WARN__DUPLICATE_METHOD_MATCH = YES;
				COPY_PHASE_STRIP = NO;
				DEBUG_INFORMATION_FORMAT = dwarf;
				ENABLE_STRICT_OBJC_MSGSEND = YES;
				ENABLE_TESTABILITY = YES;
				ENABLE_USER_SCRIPT_SANDBOXING = YES;
				GCC_C_LANGUAGE_STANDARD = gnu17;
				GCC_DYNAMIC_NO_PIC = NO;
				GCC_NO_COMMON_BLOCKS = YES;
				GCC_OPTIMIZATION_LEVEL = 0;
				GCC_PREPROCESSOR_DEFINITIONS = (
					"DEBUG=1",
					"$(inherited)",
				);
				GCC_WARN_64_TO_32_BIT_CONVERSION = YES;
				GCC_WARN_ABOUT_RETURN_TYPE = YES_ERROR;
				GCC_WARN_UNDECLARED_SELECTOR = YES;
				GCC_WARN_UNINITIALIZED_AUTOS = YES_AGGRESSIVE;
				GCC_WARN_UNUSED_FUNCTION = YES;
				GCC_WARN_UNUSED_VARIABLE = YES;
				IPHONEOS_DEPLOYMENT_TARGET = 17.4;
				LOCALIZATION_PREFERS_STRING_CATALOGS = YES;
				MTL_ENABLE_DEBUG_INFO = INCLUDE_SOURCE;
				MTL_FAST_MATH = YES;
				ONLY_ACTIVE_ARCH = YES;
				SDKROOT = iphoneos;
				SWIFT_ACTIVE_COMPILATION_CONDITIONS = "DEBUG $(inherited)";
				SWIFT_OPTIMIZATION_LEVEL = "-Onone";
			};
			name = Debug;
		};
		60867FF92BE9FC7E00076A6B /* Release */ = {
			isa = XCBuildConfiguration;
			buildSettings = {
				ALWAYS_SEARCH_USER_PATHS = NO;
				ASSETCATALOG_COMPILER_GENERATE_SWIFT_ASSET_SYMBOL_EXTENSIONS = YES;
				CLANG_ANALYZER_NONNULL = YES;
				CLANG_ANALYZER_NUMBER_OBJECT_CONVERSION = YES_AGGRESSIVE;
				CLANG_CXX_LANGUAGE_STANDARD = "gnu++20";
				CLANG_ENABLE_MODULES = YES;
				CLANG_ENABLE_OBJC_ARC = YES;
				CLANG_ENABLE_OBJC_WEAK = YES;
				CLANG_WARN_BLOCK_CAPTURE_AUTORELEASING = YES;
				CLANG_WARN_BOOL_CONVERSION = YES;
				CLANG_WARN_COMMA = YES;
				CLANG_WARN_CONSTANT_CONVERSION = YES;
				CLANG_WARN_DEPRECATED_OBJC_IMPLEMENTATIONS = YES;
				CLANG_WARN_DIRECT_OBJC_ISA_USAGE = YES_ERROR;
				CLANG_WARN_DOCUMENTATION_COMMENTS = YES;
				CLANG_WARN_EMPTY_BODY = YES;
				CLANG_WARN_ENUM_CONVERSION = YES;
				CLANG_WARN_INFINITE_RECURSION = YES;
				CLANG_WARN_INT_CONVERSION = YES;
				CLANG_WARN_NON_LITERAL_NULL_CONVERSION = YES;
				CLANG_WARN_OBJC_IMPLICIT_RETAIN_SELF = YES;
				CLANG_WARN_OBJC_LITERAL_CONVERSION = YES;
				CLANG_WARN_OBJC_ROOT_CLASS = YES_ERROR;
				CLANG_WARN_QUOTED_INCLUDE_IN_FRAMEWORK_HEADER = YES;
				CLANG_WARN_RANGE_LOOP_ANALYSIS = YES;
				CLANG_WARN_STRICT_PROTOTYPES = YES;
				CLANG_WARN_SUSPICIOUS_MOVE = YES;
				CLANG_WARN_UNGUARDED_AVAILABILITY = YES_AGGRESSIVE;
				CLANG_WARN_UNREACHABLE_CODE = YES;
				CLANG_WARN__DUPLICATE_METHOD_MATCH = YES;
				COPY_PHASE_STRIP = NO;
				DEBUG_INFORMATION_FORMAT = "dwarf-with-dsym";
				ENABLE_NS_ASSERTIONS = NO;
				ENABLE_STRICT_OBJC_MSGSEND = YES;
				ENABLE_USER_SCRIPT_SANDBOXING = YES;
				GCC_C_LANGUAGE_STANDARD = gnu17;
				GCC_NO_COMMON_BLOCKS = YES;
				GCC_WARN_64_TO_32_BIT_CONVERSION = YES;
				GCC_WARN_ABOUT_RETURN_TYPE = YES_ERROR;
				GCC_WARN_UNDECLARED_SELECTOR = YES;
				GCC_WARN_UNINITIALIZED_AUTOS = YES_AGGRESSIVE;
				GCC_WARN_UNUSED_FUNCTION = YES;
				GCC_WARN_UNUSED_VARIABLE = YES;
				IPHONEOS_DEPLOYMENT_TARGET = 17.4;
				LOCALIZATION_PREFERS_STRING_CATALOGS = YES;
				MTL_ENABLE_DEBUG_INFO = NO;
				MTL_FAST_MATH = YES;
				SDKROOT = iphoneos;
				SWIFT_COMPILATION_MODE = wholemodule;
				VALIDATE_PRODUCT = YES;
			};
			name = Release;
		};
		60867FFB2BE9FC7E00076A6B /* Debug */ = {
			isa = XCBuildConfiguration;
			buildSettings = {
				ALWAYS_EMBED_SWIFT_STANDARD_LIBRARIES = YES;
				ASSETCATALOG_COMPILER_APPICON_NAME = AppIcon;
				ASSETCATALOG_COMPILER_GLOBAL_ACCENT_COLOR_NAME = AccentColor;
				CODE_SIGN_STYLE = Automatic;
				CURRENT_PROJECT_VERSION = 1;
				DEVELOPMENT_ASSET_PATHS = "\"WebsocketProject/Preview Content\"";
				DEVELOPMENT_TEAM = S68RW89WQA;
				ENABLE_PREVIEWS = YES;
				GENERATE_INFOPLIST_FILE = YES;
				INFOPLIST_KEY_UIApplicationSceneManifest_Generation = YES;
				INFOPLIST_KEY_UIApplicationSupportsIndirectInputEvents = YES;
				INFOPLIST_KEY_UILaunchScreen_Generation = YES;
				INFOPLIST_KEY_UISupportedInterfaceOrientations_iPad = "UIInterfaceOrientationPortrait UIInterfaceOrientationPortraitUpsideDown UIInterfaceOrientationLandscapeLeft UIInterfaceOrientationLandscapeRight";
				INFOPLIST_KEY_UISupportedInterfaceOrientations_iPhone = "UIInterfaceOrientationPortrait UIInterfaceOrientationLandscapeLeft UIInterfaceOrientationLandscapeRight";
				IPHONEOS_DEPLOYMENT_TARGET = 16.0;
				LD_RUNPATH_SEARCH_PATHS = (
					"$(inherited)",
					"@executable_path/Frameworks",
				);
				MARKETING_VERSION = 1.0;
				PRODUCT_BUNDLE_IDENTIFIER = "com.black-rubber.WebsocketProject";
				PRODUCT_NAME = "$(TARGET_NAME)";
				SWIFT_EMIT_LOC_STRINGS = YES;
				SWIFT_VERSION = 5.0;
				TARGETED_DEVICE_FAMILY = "1,2";
			};
			name = Debug;
		};
		60867FFC2BE9FC7E00076A6B /* Release */ = {
			isa = XCBuildConfiguration;
			buildSettings = {
				ALWAYS_EMBED_SWIFT_STANDARD_LIBRARIES = YES;
				ASSETCATALOG_COMPILER_APPICON_NAME = AppIcon;
				ASSETCATALOG_COMPILER_GLOBAL_ACCENT_COLOR_NAME = AccentColor;
				CODE_SIGN_STYLE = Automatic;
				CURRENT_PROJECT_VERSION = 1;
				DEVELOPMENT_ASSET_PATHS = "\"WebsocketProject/Preview Content\"";
				DEVELOPMENT_TEAM = S68RW89WQA;
				ENABLE_PREVIEWS = YES;
				GENERATE_INFOPLIST_FILE = YES;
				INFOPLIST_KEY_UIApplicationSceneManifest_Generation = YES;
				INFOPLIST_KEY_UIApplicationSupportsIndirectInputEvents = YES;
				INFOPLIST_KEY_UILaunchScreen_Generation = YES;
				INFOPLIST_KEY_UISupportedInterfaceOrientations_iPad = "UIInterfaceOrientationPortrait UIInterfaceOrientationPortraitUpsideDown UIInterfaceOrientationLandscapeLeft UIInterfaceOrientationLandscapeRight";
				INFOPLIST_KEY_UISupportedInterfaceOrientations_iPhone = "UIInterfaceOrientationPortrait UIInterfaceOrientationLandscapeLeft UIInterfaceOrientationLandscapeRight";
				IPHONEOS_DEPLOYMENT_TARGET = 16.0;
				LD_RUNPATH_SEARCH_PATHS = (
					"$(inherited)",
					"@executable_path/Frameworks",
				);
				MARKETING_VERSION = 1.0;
				PRODUCT_BUNDLE_IDENTIFIER = "com.black-rubber.WebsocketProject";
				PRODUCT_NAME = "$(TARGET_NAME)";
				SWIFT_EMIT_LOC_STRINGS = YES;
				SWIFT_VERSION = 5.0;
				TARGETED_DEVICE_FAMILY = "1,2";
			};
			name = Release;
		};
/* End XCBuildConfiguration section */

/* Begin XCConfigurationList section */
		60115F042BFDB1E40028D148 /* Build configuration list for PBXNativeTarget "WebSocketProject Watch App" */ = {
			isa = XCConfigurationList;
			buildConfigurations = (
				60115F052BFDB1E40028D148 /* Debug */,
				60115F062BFDB1E40028D148 /* Release */,
			);
			defaultConfigurationIsVisible = 0;
			defaultConfigurationName = Release;
		};
		60867FE72BE9FC7C00076A6B /* Build configuration list for PBXProject "WebsocketProject" */ = {
			isa = XCConfigurationList;
			buildConfigurations = (
				60867FF82BE9FC7E00076A6B /* Debug */,
				60867FF92BE9FC7E00076A6B /* Release */,
			);
			defaultConfigurationIsVisible = 0;
			defaultConfigurationName = Release;
		};
		60867FFA2BE9FC7E00076A6B /* Build configuration list for PBXNativeTarget "WebsocketProject" */ = {
			isa = XCConfigurationList;
			buildConfigurations = (
				60867FFB2BE9FC7E00076A6B /* Debug */,
				60867FFC2BE9FC7E00076A6B /* Release */,
			);
			defaultConfigurationIsVisible = 0;
			defaultConfigurationName = Release;
		};
/* End XCConfigurationList section */
	};
	rootObject = 60867FE42BE9FC7C00076A6B /* Project object */;
}
